// !$*UTF8*$!
{
	archiveVersion = 1;
	classes = {
	};
	objectVersion = 46;
	objects = {

/* Begin PBXBuildFile section */
		F55FEB1C1A32D9EA0022467D /* main.cpp in Sources */ = {isa = PBXBuildFile; fileRef = F55FEB1B1A32D9EA0022467D /* main.cpp */; };
		F55FEB371A32DAB30022467D /* Cocoa.framework in Frameworks */ = {isa = PBXBuildFile; fileRef = F55FEB361A32DAB30022467D /* Cocoa.framework */; };
		F55FEB391A32DAC10022467D /* CoreFoundation.framework in Frameworks */ = {isa = PBXBuildFile; fileRef = F55FEB381A32DAC10022467D /* CoreFoundation.framework */; };
		F55FEB3C1A32DAD40022467D /* SDL2_image.framework in Frameworks */ = {isa = PBXBuildFile; fileRef = F55FEB3A1A32DAD40022467D /* SDL2_image.framework */; };
		F55FEB3D1A32DAD40022467D /* SDL2.framework in Frameworks */ = {isa = PBXBuildFile; fileRef = F55FEB3B1A32DAD40022467D /* SDL2.framework */; };
		F55FEB5B1A32E2BB0022467D /* Camera.cpp in Sources */ = {isa = PBXBuildFile; fileRef = F55FEB4D1A32E2BB0022467D /* Camera.cpp */; };
		F55FEB5C1A32E2BB0022467D /* EventHandler.cpp in Sources */ = {isa = PBXBuildFile; fileRef = F55FEB4E1A32E2BB0022467D /* EventHandler.cpp */; };
		F55FEB5D1A32E2BB0022467D /* GameManager.cpp in Sources */ = {isa = PBXBuildFile; fileRef = F55FEB4F1A32E2BB0022467D /* GameManager.cpp */; };
		F55FEB5E1A32E2BB0022467D /* GameObject.cpp in Sources */ = {isa = PBXBuildFile; fileRef = F55FEB501A32E2BB0022467D /* GameObject.cpp */; };
		F55FEB5F1A32E2BB0022467D /* jsoncpp.cpp in Sources */ = {isa = PBXBuildFile; fileRef = F55FEB511A32E2BB0022467D /* jsoncpp.cpp */; };
		F55FEB601A32E2BB0022467D /* Particle.cpp in Sources */ = {isa = PBXBuildFile; fileRef = F55FEB521A32E2BB0022467D /* Particle.cpp */; };
		F55FEB611A32E2BB0022467D /* ParticleEmitter.cpp in Sources */ = {isa = PBXBuildFile; fileRef = F55FEB531A32E2BB0022467D /* ParticleEmitter.cpp */; };
		F55FEB621A32E2BB0022467D /* Scene.cpp in Sources */ = {isa = PBXBuildFile; fileRef = F55FEB541A32E2BB0022467D /* Scene.cpp */; };
		F55FEB631A32E2BB0022467D /* TextureManager.cpp in Sources */ = {isa = PBXBuildFile; fileRef = F55FEB551A32E2BB0022467D /* TextureManager.cpp */; };
		F55FEB641A32E2BB0022467D /* TileMap.cpp in Sources */ = {isa = PBXBuildFile; fileRef = F55FEB561A32E2BB0022467D /* TileMap.cpp */; };
		F55FEB651A32E2BB0022467D /* Vector2.cpp in Sources */ = {isa = PBXBuildFile; fileRef = F55FEB571A32E2BB0022467D /* Vector2.cpp */; };
		F55FEB6C1A32F45B0022467D /* PlatformerTiles.png in Resources */ = {isa = PBXBuildFile; fileRef = F55FEB6A1A32F45B0022467D /* PlatformerTiles.png */; };
		F55FEB6D1A32F45B0022467D /* PlayerSheet.png in Resources */ = {isa = PBXBuildFile; fileRef = F55FEB6B1A32F45B0022467D /* PlayerSheet.png */; };
		F55FEB6F1A32F47F0022467D /* Level1.json in Resources */ = {isa = PBXBuildFile; fileRef = F55FEB6E1A32F47F0022467D /* Level1.json */; };
		F55FEB711A3313670022467D /* PlayerSheetThin.png in Resources */ = {isa = PBXBuildFile; fileRef = F55FEB701A3313670022467D /* PlayerSheetThin.png */; };
		F55FEB741A333E390022467D /* Enemy.cpp in Sources */ = {isa = PBXBuildFile; fileRef = F55FEB721A333E390022467D /* Enemy.cpp */; };
/* End PBXBuildFile section */

/* Begin PBXFileReference section */
		F55FEB131A32D9EA0022467D /* LD31.app */ = {isa = PBXFileReference; explicitFileType = wrapper.application; includeInIndex = 0; path = LD31.app; sourceTree = BUILT_PRODUCTS_DIR; };
		F55FEB171A32D9EA0022467D /* Info.plist */ = {isa = PBXFileReference; lastKnownFileType = text.plist.xml; path = Info.plist; sourceTree = "<group>"; };
		F55FEB1B1A32D9EA0022467D /* main.cpp */ = {isa = PBXFileReference; lastKnownFileType = sourcecode.cpp.cpp; path = main.cpp; sourceTree = "<group>"; };
		F55FEB361A32DAB30022467D /* Cocoa.framework */ = {isa = PBXFileReference; lastKnownFileType = wrapper.framework; name = Cocoa.framework; path = System/Library/Frameworks/Cocoa.framework; sourceTree = SDKROOT; };
		F55FEB381A32DAC10022467D /* CoreFoundation.framework */ = {isa = PBXFileReference; lastKnownFileType = wrapper.framework; name = CoreFoundation.framework; path = System/Library/Frameworks/CoreFoundation.framework; sourceTree = SDKROOT; };
		F55FEB3A1A32DAD40022467D /* SDL2_image.framework */ = {isa = PBXFileReference; lastKnownFileType = wrapper.framework; name = SDL2_image.framework; path = /Library/Frameworks/SDL2_image.framework; sourceTree = "<absolute>"; };
		F55FEB3B1A32DAD40022467D /* SDL2.framework */ = {isa = PBXFileReference; lastKnownFileType = wrapper.framework; name = SDL2.framework; path = /Library/Frameworks/SDL2.framework; sourceTree = "<absolute>"; };
		F55FEB421A32E2BB0022467D /* Camera.h */ = {isa = PBXFileReference; fileEncoding = 4; lastKnownFileType = sourcecode.c.h; path = Camera.h; sourceTree = "<group>"; };
		F55FEB431A32E2BB0022467D /* EventHandler.h */ = {isa = PBXFileReference; fileEncoding = 4; lastKnownFileType = sourcecode.c.h; path = EventHandler.h; sourceTree = "<group>"; };
		F55FEB441A32E2BB0022467D /* GameManager.h */ = {isa = PBXFileReference; fileEncoding = 4; lastKnownFileType = sourcecode.c.h; path = GameManager.h; sourceTree = "<group>"; };
		F55FEB451A32E2BB0022467D /* GameObject.h */ = {isa = PBXFileReference; fileEncoding = 4; lastKnownFileType = sourcecode.c.h; path = GameObject.h; sourceTree = "<group>"; };
		F55FEB461A32E2BB0022467D /* Particle.h */ = {isa = PBXFileReference; fileEncoding = 4; lastKnownFileType = sourcecode.c.h; path = Particle.h; sourceTree = "<group>"; };
		F55FEB471A32E2BB0022467D /* ParticleEmitter.h */ = {isa = PBXFileReference; fileEncoding = 4; lastKnownFileType = sourcecode.c.h; path = ParticleEmitter.h; sourceTree = "<group>"; };
		F55FEB481A32E2BB0022467D /* Scene.h */ = {isa = PBXFileReference; fileEncoding = 4; lastKnownFileType = sourcecode.c.h; path = Scene.h; sourceTree = "<group>"; };
		F55FEB491A32E2BB0022467D /* TextureManager.h */ = {isa = PBXFileReference; fileEncoding = 4; lastKnownFileType = sourcecode.c.h; path = TextureManager.h; sourceTree = "<group>"; };
		F55FEB4A1A32E2BB0022467D /* Tile.h */ = {isa = PBXFileReference; fileEncoding = 4; lastKnownFileType = sourcecode.c.h; path = Tile.h; sourceTree = "<group>"; };
		F55FEB4B1A32E2BB0022467D /* TileMap.h */ = {isa = PBXFileReference; fileEncoding = 4; lastKnownFileType = sourcecode.c.h; path = TileMap.h; sourceTree = "<group>"; };
		F55FEB4C1A32E2BB0022467D /* Vector2.h */ = {isa = PBXFileReference; fileEncoding = 4; lastKnownFileType = sourcecode.c.h; path = Vector2.h; sourceTree = "<group>"; };
		F55FEB4D1A32E2BB0022467D /* Camera.cpp */ = {isa = PBXFileReference; fileEncoding = 4; lastKnownFileType = sourcecode.cpp.cpp; path = Camera.cpp; sourceTree = "<group>"; };
		F55FEB4E1A32E2BB0022467D /* EventHandler.cpp */ = {isa = PBXFileReference; fileEncoding = 4; lastKnownFileType = sourcecode.cpp.cpp; path = EventHandler.cpp; sourceTree = "<group>"; };
		F55FEB4F1A32E2BB0022467D /* GameManager.cpp */ = {isa = PBXFileReference; fileEncoding = 4; lastKnownFileType = sourcecode.cpp.cpp; path = GameManager.cpp; sourceTree = "<group>"; };
		F55FEB501A32E2BB0022467D /* GameObject.cpp */ = {isa = PBXFileReference; fileEncoding = 4; lastKnownFileType = sourcecode.cpp.cpp; path = GameObject.cpp; sourceTree = "<group>"; };
		F55FEB511A32E2BB0022467D /* jsoncpp.cpp */ = {isa = PBXFileReference; fileEncoding = 4; lastKnownFileType = sourcecode.cpp.cpp; name = jsoncpp.cpp; path = LD31/jsoncpp.cpp; sourceTree = SOURCE_ROOT; };
		F55FEB521A32E2BB0022467D /* Particle.cpp */ = {isa = PBXFileReference; fileEncoding = 4; lastKnownFileType = sourcecode.cpp.cpp; path = Particle.cpp; sourceTree = "<group>"; };
		F55FEB531A32E2BB0022467D /* ParticleEmitter.cpp */ = {isa = PBXFileReference; fileEncoding = 4; lastKnownFileType = sourcecode.cpp.cpp; path = ParticleEmitter.cpp; sourceTree = "<group>"; };
		F55FEB541A32E2BB0022467D /* Scene.cpp */ = {isa = PBXFileReference; fileEncoding = 4; lastKnownFileType = sourcecode.cpp.cpp; path = Scene.cpp; sourceTree = "<group>"; };
		F55FEB551A32E2BB0022467D /* TextureManager.cpp */ = {isa = PBXFileReference; fileEncoding = 4; lastKnownFileType = sourcecode.cpp.cpp; path = TextureManager.cpp; sourceTree = "<group>"; };
		F55FEB561A32E2BB0022467D /* TileMap.cpp */ = {isa = PBXFileReference; fileEncoding = 4; lastKnownFileType = sourcecode.cpp.cpp; path = TileMap.cpp; sourceTree = "<group>"; };
		F55FEB571A32E2BB0022467D /* Vector2.cpp */ = {isa = PBXFileReference; fileEncoding = 4; lastKnownFileType = sourcecode.cpp.cpp; path = Vector2.cpp; sourceTree = "<group>"; };
		F55FEB591A32E2BB0022467D /* json-forwards.h */ = {isa = PBXFileReference; fileEncoding = 4; lastKnownFileType = sourcecode.c.h; path = "json-forwards.h"; sourceTree = "<group>"; };
		F55FEB5A1A32E2BB0022467D /* json.h */ = {isa = PBXFileReference; fileEncoding = 4; lastKnownFileType = sourcecode.c.h; path = json.h; sourceTree = "<group>"; };
		F55FEB6A1A32F45B0022467D /* PlatformerTiles.png */ = {isa = PBXFileReference; lastKnownFileType = image.png; path = PlatformerTiles.png; sourceTree = "<group>"; };
		F55FEB6B1A32F45B0022467D /* PlayerSheet.png */ = {isa = PBXFileReference; lastKnownFileType = image.png; path = PlayerSheet.png; sourceTree = "<group>"; };
		F55FEB6E1A32F47F0022467D /* Level1.json */ = {isa = PBXFileReference; fileEncoding = 4; lastKnownFileType = text.json; path = Level1.json; sourceTree = "<group>"; };
		F55FEB701A3313670022467D /* PlayerSheetThin.png */ = {isa = PBXFileReference; lastKnownFileType = image.png; path = PlayerSheetThin.png; sourceTree = "<group>"; };
		F55FEB721A333E390022467D /* Enemy.cpp */ = {isa = PBXFileReference; fileEncoding = 4; lastKnownFileType = sourcecode.cpp.cpp; path = Enemy.cpp; sourceTree = "<group>"; };
		F55FEB731A333E390022467D /* Enemy.h */ = {isa = PBXFileReference; fileEncoding = 4; lastKnownFileType = sourcecode.c.h; path = Enemy.h; sourceTree = "<group>"; };
/* End PBXFileReference section */

/* Begin PBXFrameworksBuildPhase section */
		F55FEB101A32D9EA0022467D /* Frameworks */ = {
			isa = PBXFrameworksBuildPhase;
			buildActionMask = 2147483647;
			files = (
				F55FEB3C1A32DAD40022467D /* SDL2_image.framework in Frameworks */,
				F55FEB3D1A32DAD40022467D /* SDL2.framework in Frameworks */,
				F55FEB391A32DAC10022467D /* CoreFoundation.framework in Frameworks */,
				F55FEB371A32DAB30022467D /* Cocoa.framework in Frameworks */,
			);
			runOnlyForDeploymentPostprocessing = 0;
		};
/* End PBXFrameworksBuildPhase section */

/* Begin PBXGroup section */
		F55FEB0A1A32D9EA0022467D = {
			isa = PBXGroup;
			children = (
				F55FEB151A32D9EA0022467D /* LD31 */,
				F55FEB141A32D9EA0022467D /* Products */,
				F55FEB3E1A32DAE00022467D /* Frameworks */,
			);
			sourceTree = "<group>";
		};
		F55FEB141A32D9EA0022467D /* Products */ = {
			isa = PBXGroup;
			children = (
				F55FEB131A32D9EA0022467D /* LD31.app */,
			);
			name = Products;
			sourceTree = "<group>";
		};
		F55FEB151A32D9EA0022467D /* LD31 */ = {
			isa = PBXGroup;
			children = (
				F55FEB661A32E2D00022467D /* Engine */,
				F55FEB411A32DB640022467D /* Assets */,
				F55FEB401A32DB590022467D /* Headers */,
				F55FEB3F1A32DB4F0022467D /* Sources */,
				F55FEB161A32D9EA0022467D /* Supporting Files */,
			);
			path = LD31;
			sourceTree = "<group>";
		};
		F55FEB161A32D9EA0022467D /* Supporting Files */ = {
			isa = PBXGroup;
			children = (
				F55FEB171A32D9EA0022467D /* Info.plist */,
			);
			name = "Supporting Files";
			sourceTree = "<group>";
		};
		F55FEB3E1A32DAE00022467D /* Frameworks */ = {
			isa = PBXGroup;
			children = (
				F55FEB3A1A32DAD40022467D /* SDL2_image.framework */,
				F55FEB3B1A32DAD40022467D /* SDL2.framework */,
				F55FEB381A32DAC10022467D /* CoreFoundation.framework */,
				F55FEB361A32DAB30022467D /* Cocoa.framework */,
			);
			name = Frameworks;
			sourceTree = "<group>";
		};
		F55FEB3F1A32DB4F0022467D /* Sources */ = {
			isa = PBXGroup;
			children = (
				F55FEB1B1A32D9EA0022467D /* main.cpp */,
			);
			name = Sources;
			sourceTree = "<group>";
		};
		F55FEB401A32DB590022467D /* Headers */ = {
			isa = PBXGroup;
			children = (
			);
			name = Headers;
			sourceTree = "<group>";
		};
		F55FEB411A32DB640022467D /* Assets */ = {
			isa = PBXGroup;
			children = (
				F55FEB6E1A32F47F0022467D /* Level1.json */,
				F55FEB6A1A32F45B0022467D /* PlatformerTiles.png */,
				F55FEB6B1A32F45B0022467D /* PlayerSheet.png */,
				F55FEB701A3313670022467D /* PlayerSheetThin.png */,
			);
			name = Assets;
			sourceTree = "<group>";
		};
		F55FEB581A32E2BB0022467D /* json */ = {
			isa = PBXGroup;
			children = (
				F55FEB591A32E2BB0022467D /* json-forwards.h */,
				F55FEB5A1A32E2BB0022467D /* json.h */,
			);
			path = json;
			sourceTree = "<group>";
		};
		F55FEB661A32E2D00022467D /* Engine */ = {
			isa = PBXGroup;
			children = (
				F55FEB691A32E2E90022467D /* Libraries */,
				F55FEB671A32E2D80022467D /* Headers */,
				F55FEB681A32E2DF0022467D /* Sources */,
			);
			name = Engine;
			sourceTree = "<group>";
		};
		F55FEB671A32E2D80022467D /* Headers */ = {
			isa = PBXGroup;
			children = (
				F55FEB421A32E2BB0022467D /* Camera.h */,
				F55FEB431A32E2BB0022467D /* EventHandler.h */,
				F55FEB441A32E2BB0022467D /* GameManager.h */,
				F55FEB451A32E2BB0022467D /* GameObject.h */,
				F55FEB461A32E2BB0022467D /* Particle.h */,
				F55FEB471A32E2BB0022467D /* ParticleEmitter.h */,
				F55FEB481A32E2BB0022467D /* Scene.h */,
				F55FEB491A32E2BB0022467D /* TextureManager.h */,
				F55FEB4A1A32E2BB0022467D /* Tile.h */,
				F55FEB4B1A32E2BB0022467D /* TileMap.h */,
				F55FEB4C1A32E2BB0022467D /* Vector2.h */,
				F55FEB731A333E390022467D /* Enemy.h */,
			);
			name = Headers;
			sourceTree = "<group>";
		};
		F55FEB681A32E2DF0022467D /* Sources */ = {
			isa = PBXGroup;
			children = (
				F55FEB721A333E390022467D /* Enemy.cpp */,
				F55FEB4D1A32E2BB0022467D /* Camera.cpp */,
				F55FEB4E1A32E2BB0022467D /* EventHandler.cpp */,
				F55FEB4F1A32E2BB0022467D /* GameManager.cpp */,
				F55FEB521A32E2BB0022467D /* Particle.cpp */,
				F55FEB531A32E2BB0022467D /* ParticleEmitter.cpp */,
				F55FEB541A32E2BB0022467D /* Scene.cpp */,
				F55FEB551A32E2BB0022467D /* TextureManager.cpp */,
				F55FEB571A32E2BB0022467D /* Vector2.cpp */,
				F55FEB501A32E2BB0022467D /* GameObject.cpp */,
				F55FEB561A32E2BB0022467D /* TileMap.cpp */,
			);
			name = Sources;
			sourceTree = "<group>";
		};
		F55FEB691A32E2E90022467D /* Libraries */ = {
			isa = PBXGroup;
			children = (
				F55FEB511A32E2BB0022467D /* jsoncpp.cpp */,
				F55FEB581A32E2BB0022467D /* json */,
			);
			name = Libraries;
			sourceTree = "<group>";
		};
/* End PBXGroup section */

/* Begin PBXNativeTarget section */
		F55FEB121A32D9EA0022467D /* LD31 */ = {
			isa = PBXNativeTarget;
			buildConfigurationList = F55FEB301A32D9EA0022467D /* Build configuration list for PBXNativeTarget "LD31" */;
			buildPhases = (
				F55FEB0F1A32D9EA0022467D /* Sources */,
				F55FEB101A32D9EA0022467D /* Frameworks */,
				F55FEB111A32D9EA0022467D /* Resources */,
			);
			buildRules = (
			);
			dependencies = (
			);
			name = LD31;
			productName = LD31;
			productReference = F55FEB131A32D9EA0022467D /* LD31.app */;
			productType = "com.apple.product-type.application";
		};
/* End PBXNativeTarget section */

/* Begin PBXProject section */
		F55FEB0B1A32D9EA0022467D /* Project object */ = {
			isa = PBXProject;
			attributes = {
				LastUpgradeCheck = 0610;
				ORGANIZATIONNAME = "Fedor Bobylev";
				TargetAttributes = {
					F55FEB121A32D9EA0022467D = {
						CreatedOnToolsVersion = 6.1;
					};
				};
			};
			buildConfigurationList = F55FEB0E1A32D9EA0022467D /* Build configuration list for PBXProject "LD31" */;
			compatibilityVersion = "Xcode 3.2";
			developmentRegion = English;
			hasScannedForEncodings = 0;
			knownRegions = (
				en,
				Base,
			);
			mainGroup = F55FEB0A1A32D9EA0022467D;
			productRefGroup = F55FEB141A32D9EA0022467D /* Products */;
			projectDirPath = "";
			projectRoot = "";
			targets = (
				F55FEB121A32D9EA0022467D /* LD31 */,
			);
		};
/* End PBXProject section */

/* Begin PBXResourcesBuildPhase section */
		F55FEB111A32D9EA0022467D /* Resources */ = {
			isa = PBXResourcesBuildPhase;
			buildActionMask = 2147483647;
			files = (
				F55FEB6F1A32F47F0022467D /* Level1.json in Resources */,
				F55FEB6D1A32F45B0022467D /* PlayerSheet.png in Resources */,
				F55FEB6C1A32F45B0022467D /* PlatformerTiles.png in Resources */,
				F55FEB711A3313670022467D /* PlayerSheetThin.png in Resources */,
			);
			runOnlyForDeploymentPostprocessing = 0;
		};
/* End PBXResourcesBuildPhase section */

/* Begin PBXSourcesBuildPhase section */
		F55FEB0F1A32D9EA0022467D /* Sources */ = {
			isa = PBXSourcesBuildPhase;
			buildActionMask = 2147483647;
			files = (
				F55FEB601A32E2BB0022467D /* Particle.cpp in Sources */,
				F55FEB651A32E2BB0022467D /* Vector2.cpp in Sources */,
				F55FEB5B1A32E2BB0022467D /* Camera.cpp in Sources */,
				F55FEB611A32E2BB0022467D /* ParticleEmitter.cpp in Sources */,
				F55FEB5D1A32E2BB0022467D /* GameManager.cpp in Sources */,
				F55FEB1C1A32D9EA0022467D /* main.cpp in Sources */,
				F55FEB5F1A32E2BB0022467D /* jsoncpp.cpp in Sources */,
				F55FEB741A333E390022467D /* Enemy.cpp in Sources */,
				F55FEB621A32E2BB0022467D /* Scene.cpp in Sources */,
				F55FEB641A32E2BB0022467D /* TileMap.cpp in Sources */,
				F55FEB5C1A32E2BB0022467D /* EventHandler.cpp in Sources */,
				F55FEB5E1A32E2BB0022467D /* GameObject.cpp in Sources */,
				F55FEB631A32E2BB0022467D /* TextureManager.cpp in Sources */,
			);
			runOnlyForDeploymentPostprocessing = 0;
		};
/* End PBXSourcesBuildPhase section */

/* Begin XCBuildConfiguration section */
		F55FEB2E1A32D9EA0022467D /* Debug */ = {
			isa = XCBuildConfiguration;
			buildSettings = {
				ALWAYS_SEARCH_USER_PATHS = NO;
				CLANG_CXX_LANGUAGE_STANDARD = "gnu++0x";
				CLANG_CXX_LIBRARY = "libc++";
				CLANG_ENABLE_MODULES = YES;
				CLANG_ENABLE_OBJC_ARC = YES;
				CLANG_WARN_BOOL_CONVERSION = YES;
				CLANG_WARN_CONSTANT_CONVERSION = YES;
				CLANG_WARN_DIRECT_OBJC_ISA_USAGE = YES_ERROR;
				CLANG_WARN_EMPTY_BODY = YES;
				CLANG_WARN_ENUM_CONVERSION = YES;
				CLANG_WARN_INT_CONVERSION = YES;
				CLANG_WARN_OBJC_ROOT_CLASS = YES_ERROR;
				CLANG_WARN_UNREACHABLE_CODE = YES;
				CLANG_WARN__DUPLICATE_METHOD_MATCH = YES;
				CODE_SIGN_IDENTITY = "-";
				COPY_PHASE_STRIP = NO;
				ENABLE_STRICT_OBJC_MSGSEND = YES;
				GCC_C_LANGUAGE_STANDARD = gnu99;
				GCC_DYNAMIC_NO_PIC = NO;
				GCC_OPTIMIZATION_LEVEL = 0;
				GCC_PREPROCESSOR_DEFINITIONS = (
					"DEBUG=1",
					"$(inherited)",
				);
				GCC_SYMBOLS_PRIVATE_EXTERN = NO;
				GCC_WARN_64_TO_32_BIT_CONVERSION = YES;
				GCC_WARN_ABOUT_RETURN_TYPE = YES_ERROR;
				GCC_WARN_UNDECLARED_SELECTOR = YES;
				GCC_WARN_UNINITIALIZED_AUTOS = YES_AGGRESSIVE;
				GCC_WARN_UNUSED_FUNCTION = YES;
				GCC_WARN_UNUSED_VARIABLE = YES;
				MACOSX_DEPLOYMENT_TARGET = 10.10;
				MTL_ENABLE_DEBUG_INFO = YES;
				ONLY_ACTIVE_ARCH = YES;
				SDKROOT = macosx;
			};
			name = Debug;
		};
		F55FEB2F1A32D9EA0022467D /* Release */ = {
			isa = XCBuildConfiguration;
			buildSettings = {
				ALWAYS_SEARCH_USER_PATHS = NO;
				CLANG_CXX_LANGUAGE_STANDARD = "gnu++0x";
				CLANG_CXX_LIBRARY = "libc++";
				CLANG_ENABLE_MODULES = YES;
				CLANG_ENABLE_OBJC_ARC = YES;
				CLANG_WARN_BOOL_CONVERSION = YES;
				CLANG_WARN_CONSTANT_CONVERSION = YES;
				CLANG_WARN_DIRECT_OBJC_ISA_USAGE = YES_ERROR;
				CLANG_WARN_EMPTY_BODY = YES;
				CLANG_WARN_ENUM_CONVERSION = YES;
				CLANG_WARN_INT_CONVERSION = YES;
				CLANG_WARN_OBJC_ROOT_CLASS = YES_ERROR;
				CLANG_WARN_UNREACHABLE_CODE = YES;
				CLANG_WARN__DUPLICATE_METHOD_MATCH = YES;
				CODE_SIGN_IDENTITY = "-";
				COPY_PHASE_STRIP = YES;
				DEBUG_INFORMATION_FORMAT = "dwarf-with-dsym";
				ENABLE_NS_ASSERTIONS = NO;
				ENABLE_STRICT_OBJC_MSGSEND = YES;
				GCC_C_LANGUAGE_STANDARD = gnu99;
				GCC_WARN_64_TO_32_BIT_CONVERSION = YES;
				GCC_WARN_ABOUT_RETURN_TYPE = YES_ERROR;
				GCC_WARN_UNDECLARED_SELECTOR = YES;
				GCC_WARN_UNINITIALIZED_AUTOS = YES_AGGRESSIVE;
				GCC_WARN_UNUSED_FUNCTION = YES;
				GCC_WARN_UNUSED_VARIABLE = YES;
				MACOSX_DEPLOYMENT_TARGET = 10.10;
				MTL_ENABLE_DEBUG_INFO = NO;
				SDKROOT = macosx;
			};
			name = Release;
		};
		F55FEB311A32D9EA0022467D /* Debug */ = {
			isa = XCBuildConfiguration;
			buildSettings = {
				ASSETCATALOG_COMPILER_APPICON_NAME = AppIcon;
				COMBINE_HIDPI_IMAGES = YES;
				FRAMEWORK_SEARCH_PATHS = (
					"$(inherited)",
					"$(LOCAL_LIBRARY_DIR)/Frameworks",
				);
				INFOPLIST_FILE = LD31/Info.plist;
				LD_RUNPATH_SEARCH_PATHS = "$(inherited) @executable_path/../Frameworks";
				PRODUCT_NAME = "$(TARGET_NAME)";
			};
			name = Debug;
		};
		F55FEB321A32D9EA0022467D /* Release */ = {
			isa = XCBuildConfiguration;
			buildSettings = {
				ASSETCATALOG_COMPILER_APPICON_NAME = AppIcon;
				COMBINE_HIDPI_IMAGES = YES;
				FRAMEWORK_SEARCH_PATHS = (
					"$(inherited)",
					"$(LOCAL_LIBRARY_DIR)/Frameworks",
				);
				INFOPLIST_FILE = LD31/Info.plist;
				LD_RUNPATH_SEARCH_PATHS = "$(inherited) @executable_path/../Frameworks";
				PRODUCT_NAME = "$(TARGET_NAME)";
			};
			name = Release;
		};
/* End XCBuildConfiguration section */

/* Begin XCConfigurationList section */
		F55FEB0E1A32D9EA0022467D /* Build configuration list for PBXProject "LD31" */ = {
			isa = XCConfigurationList;
			buildConfigurations = (
				F55FEB2E1A32D9EA0022467D /* Debug */,
				F55FEB2F1A32D9EA0022467D /* Release */,
			);
			defaultConfigurationIsVisible = 0;
			defaultConfigurationName = Release;
		};
		F55FEB301A32D9EA0022467D /* Build configuration list for PBXNativeTarget "LD31" */ = {
			isa = XCConfigurationList;
			buildConfigurations = (
				F55FEB311A32D9EA0022467D /* Debug */,
				F55FEB321A32D9EA0022467D /* Release */,
			);
			defaultConfigurationIsVisible = 0;
		};
/* End XCConfigurationList section */
	};
	rootObject = F55FEB0B1A32D9EA0022467D /* Project object */;
}
